
Microsoft Visual Studio Solution File, Format Version 12.00
# Visual Studio Version 17
VisualStudioVersion = 17.14.36310.24
MinimumVisualStudioVersion = 10.0.40219.1
Project("{2150E333-8FDC-42A3-9474-1A3956D46DE8}") = "src", "src", "{A1B2C3D4-0001-0001-0001-000000000001}"
EndProject
Project("{2150E333-8FDC-42A3-9474-1A3956D46DE8}") = "Core", "Core", "{A1B2C3D4-0002-0002-0002-000000000002}"
EndProject
Project("{2150E333-8FDC-42A3-9474-1A3956D46DE8}") = "Infrastructure", "Infrastructure", "{A1B2C3D4-0003-0003-0003-000000000003}"
EndProject
Project("{2150E333-8FDC-42A3-9474-1A3956D46DE8}") = "Presentation", "Presentation", "{A1B2C3D4-0004-0004-0004-000000000004}"
EndProject
Project("{2150E333-8FDC-42A3-9474-1A3956D46DE8}") = "tests", "tests", "{A1B2C3D4-0005-0005-0005-000000000005}"
EndProject
Project("{2150E333-8FDC-42A3-9474-1A3956D46DE8}") = "tools", "tools", "{A1B2C3D4-0006-0006-0006-000000000006}"
EndProject
Project("{FAE04EC0-301F-11D3-BF4B-00C04F79EFBC}") = "PMS.SharedKernel", "src\Core\PMS.SharedKernel\PMS.SharedKernel.csproj", "{B1000001-0001-0001-0001-000000000001}"
EndProject
Project("{FAE04EC0-301F-11D3-BF4B-00C04F79EFBC}") = "PMS.Domain", "src\Core\PMS.Domain\PMS.Domain.csproj", "{B1000002-0002-0002-0002-000000000002}"
EndProject
Project("{FAE04EC0-301F-11D3-BF4B-00C04F79EFBC}") = "PMS.Application", "src\Core\PMS.Application\PMS.Application.csproj", "{B1000003-0003-0003-0003-000000000003}"
EndProject
Project("{FAE04EC0-301F-11D3-BF4B-00C04F79EFBC}") = "PMS.Infrastructure", "src\Infrastructure\PMS.Infrastructure\PMS.Infrastructure.csproj", "{C1000001-0001-0001-0001-000000000001}"
EndProject
Project("{FAE04EC0-301F-11D3-BF4B-00C04F79EFBC}") = "PMS.Persistence", "src\Infrastructure\PMS.Persistence\PMS.Persistence.csproj", "{C1000002-0002-0002-0002-000000000002}"
EndProject
Project("{FAE04EC0-301F-11D3-BF4B-00C04F79EFBC}") = "PMS.WebApi", "src\Presentation\PMS.WebApi\PMS.WebApi.csproj", "{D1000001-0001-0001-0001-000000000001}"
EndProject
Project("{FAE04EC0-301F-11D3-BF4B-00C04F79EFBC}") = "PMS.UnitTests", "tests\PMS.UnitTests\PMS.UnitTests.csproj", "{E1000001-0001-0001-0001-000000000001}"
EndProject
Project("{FAE04EC0-301F-11D3-BF4B-00C04F79EFBC}") = "PMS.IntegrationTests", "tests\PMS.IntegrationTests\PMS.IntegrationTests.csproj", "{E1000002-0002-0002-0002-000000000002}"
EndProject
Project("{FAE04EC0-301F-11D3-BF4B-00C04F79EFBC}") = "PMS.ArchitectureTests", "tests\PMS.ArchitectureTests\PMS.ArchitectureTests.csproj", "{E1000003-0003-0003-0003-000000000003}"
EndProject
Project("{FAE04EC0-301F-11D3-BF4B-00C04F79EFBC}") = "PMS.SchemaTests", "tests\PMS.SchemaTests\PMS.SchemaTests.csproj", "{E1000004-0004-0004-0004-000000000004}"
EndProject
Project("{FAE04EC0-301F-11D3-BF4B-00C04F79EFBC}") = "PMS.MigrationTools", "tools\PMS.MigrationTools\PMS.MigrationTools.csproj", "{F1000001-0001-0001-0001-000000000001}"
EndProject
Project("{2150E333-8FDC-42A3-9474-1A3956D46DE8}") = "Aspire", "Aspire", "{80BB253A-3C3C-4E29-9EF3-15127CE3A6CC}"
EndProject
Project("{FAE04EC0-301F-11D3-BF4B-00C04F79EFBC}") = "PMS.ServiceDefaults", "src\Aspire\PMS.ServiceDefaults\PMS.ServiceDefaults.csproj", "{7B863979-DB5F-4F0C-8F4F-B13754DC5FF7}"
EndProject
Project("{FAE04EC0-301F-11D3-BF4B-00C04F79EFBC}") = "PMS.AppHost", "src\Aspire\PMS.AppHost\PMS.AppHost.csproj", "{7F3E4A59-6762-468E-A50E-B6208F93B1C3}"
EndProject
Global
	GlobalSection(SolutionConfigurationPlatforms) = preSolution
		Debug|Any CPU = Debug|Any CPU
		Release|Any CPU = Release|Any CPU
	EndGlobalSection
	GlobalSection(ProjectConfigurationPlatforms) = postSolution
		{B1000001-0001-0001-0001-000000000001}.Debug|Any CPU.ActiveCfg = Debug|Any CPU
		{B1000001-0001-0001-0001-000000000001}.Debug|Any CPU.Build.0 = Debug|Any CPU
		{B1000001-0001-0001-0001-000000000001}.Release|Any CPU.ActiveCfg = Release|Any CPU
		{B1000001-0001-0001-0001-000000000001}.Release|Any CPU.Build.0 = Release|Any CPU
		{B1000002-0002-0002-0002-000000000002}.Debug|Any CPU.ActiveCfg = Debug|Any CPU
		{B1000002-0002-0002-0002-000000000002}.Debug|Any CPU.Build.0 = Debug|Any CPU
		{B1000002-0002-0002-0002-000000000002}.Release|Any CPU.ActiveCfg = Release|Any CPU
		{B1000002-0002-0002-0002-000000000002}.Release|Any CPU.Build.0 = Release|Any CPU
		{B1000003-0003-0003-0003-000000000003}.Debug|Any CPU.ActiveCfg = Debug|Any CPU
		{B1000003-0003-0003-0003-000000000003}.Debug|Any CPU.Build.0 = Debug|Any CPU
		{B1000003-0003-0003-0003-000000000003}.Release|Any CPU.ActiveCfg = Release|Any CPU
		{B1000003-0003-0003-0003-000000000003}.Release|Any CPU.Build.0 = Release|Any CPU
		{C1000001-0001-0001-0001-000000000001}.Debug|Any CPU.ActiveCfg = Debug|Any CPU
		{C1000001-0001-0001-0001-000000000001}.Debug|Any CPU.Build.0 = Debug|Any CPU
		{C1000001-0001-0001-0001-000000000001}.Release|Any CPU.ActiveCfg = Release|Any CPU
		{C1000001-0001-0001-0001-000000000001}.Release|Any CPU.Build.0 = Release|Any CPU
		{C1000002-0002-0002-0002-000000000002}.Debug|Any CPU.ActiveCfg = Debug|Any CPU
		{C1000002-0002-0002-0002-000000000002}.Debug|Any CPU.Build.0 = Debug|Any CPU
		{C1000002-0002-0002-0002-000000000002}.Release|Any CPU.ActiveCfg = Release|Any CPU
		{C1000002-0002-0002-0002-000000000002}.Release|Any CPU.Build.0 = Release|Any CPU
		{D1000001-0001-0001-0001-000000000001}.Debug|Any CPU.ActiveCfg = Debug|Any CPU
		{D1000001-0001-0001-0001-000000000001}.Debug|Any CPU.Build.0 = Debug|Any CPU
		{D1000001-0001-0001-0001-000000000001}.Release|Any CPU.ActiveCfg = Release|Any CPU
		{D1000001-0001-0001-0001-000000000001}.Release|Any CPU.Build.0 = Release|Any CPU
		{E1000001-0001-0001-0001-000000000001}.Debug|Any CPU.ActiveCfg = Debug|Any CPU
		{E1000001-0001-0001-0001-000000000001}.Debug|Any CPU.Build.0 = Debug|Any CPU
		{E1000001-0001-0001-0001-000000000001}.Release|Any CPU.ActiveCfg = Release|Any CPU
		{E1000001-0001-0001-0001-000000000001}.Release|Any CPU.Build.0 = Release|Any CPU
		{E1000002-0002-0002-0002-000000000002}.Debug|Any CPU.ActiveCfg = Debug|Any CPU
		{E1000002-0002-0002-0002-000000000002}.Debug|Any CPU.Build.0 = Debug|Any CPU
		{E1000002-0002-0002-0002-000000000002}.Release|Any CPU.ActiveCfg = Release|Any CPU
		{E1000002-0002-0002-0002-000000000002}.Release|Any CPU.Build.0 = Release|Any CPU
		{E1000003-0003-0003-0003-000000000003}.Debug|Any CPU.ActiveCfg = Debug|Any CPU
		{E1000003-0003-0003-0003-000000000003}.Debug|Any CPU.Build.0 = Debug|Any CPU
		{E1000003-0003-0003-0003-000000000003}.Release|Any CPU.ActiveCfg = Release|Any CPU
		{E1000003-0003-0003-0003-000000000003}.Release|Any CPU.Build.0 = Release|Any CPU
		{E1000004-0004-0004-0004-000000000004}.Debug|Any CPU.ActiveCfg = Debug|Any CPU
		{E1000004-0004-0004-0004-000000000004}.Debug|Any CPU.Build.0 = Debug|Any CPU
		{E1000004-0004-0004-0004-000000000004}.Release|Any CPU.ActiveCfg = Release|Any CPU
		{E1000004-0004-0004-0004-000000000004}.Release|Any CPU.Build.0 = Release|Any CPU
		{F1000001-0001-0001-0001-000000000001}.Debug|Any CPU.ActiveCfg = Debug|Any CPU
		{F1000001-0001-0001-0001-000000000001}.Debug|Any CPU.Build.0 = Debug|Any CPU
		{F1000001-0001-0001-0001-000000000001}.Release|Any CPU.ActiveCfg = Release|Any CPU
		{F1000001-0001-0001-0001-000000000001}.Release|Any CPU.Build.0 = Release|Any CPU
		{7B863979-DB5F-4F0C-8F4F-B13754DC5FF7}.Debug|Any CPU.ActiveCfg = Debug|Any CPU
		{7B863979-DB5F-4F0C-8F4F-B13754DC5FF7}.Debug|Any CPU.Build.0 = Debug|Any CPU
		{7B863979-DB5F-4F0C-8F4F-B13754DC5FF7}.Release|Any CPU.ActiveCfg = Release|Any CPU
		{7B863979-DB5F-4F0C-8F4F-B13754DC5FF7}.Release|Any CPU.Build.0 = Release|Any CPU
		{7F3E4A59-6762-468E-A50E-B6208F93B1C3}.Debug|Any CPU.ActiveCfg = Debug|Any CPU
		{7F3E4A59-6762-468E-A50E-B6208F93B1C3}.Debug|Any CPU.Build.0 = Debug|Any CPU
		{7F3E4A59-6762-468E-A50E-B6208F93B1C3}.Release|Any CPU.ActiveCfg = Release|Any CPU
		{7F3E4A59-6762-468E-A50E-B6208F93B1C3}.Release|Any CPU.Build.0 = Release|Any CPU
	EndGlobalSection
	GlobalSection(SolutionProperties) = preSolution
		HideSolutionNode = FALSE
	EndGlobalSection
	GlobalSection(NestedProjects) = preSolution
		{A1B2C3D4-0002-0002-0002-000000000002} = {A1B2C3D4-0001-0001-0001-000000000001}
		{A1B2C3D4-0003-0003-0003-000000000003} = {A1B2C3D4-0001-0001-0001-000000000001}
		{A1B2C3D4-0004-0004-0004-000000000004} = {A1B2C3D4-0001-0001-0001-000000000001}
		{B1000001-0001-0001-0001-000000000001} = {A1B2C3D4-0002-0002-0002-000000000002}
		{B1000002-0002-0002-0002-000000000002} = {A1B2C3D4-0002-0002-0002-000000000002}
		{B1000003-0003-0003-0003-000000000003} = {A1B2C3D4-0002-0002-0002-000000000002}
		{C1000001-0001-0001-0001-000000000001} = {A1B2C3D4-0003-0003-0003-000000000003}
		{C1000002-0002-0002-0002-000000000002} = {A1B2C3D4-0003-0003-0003-000000000003}
		{D1000001-0001-0001-0001-000000000001} = {A1B2C3D4-0004-0004-0004-000000000004}
		{E1000001-0001-0001-0001-000000000001} = {A1B2C3D4-0005-0005-0005-000000000005}
		{E1000002-0002-0002-0002-000000000002} = {A1B2C3D4-0005-0005-0005-000000000005}
		{E1000003-0003-0003-0003-000000000003} = {A1B2C3D4-0005-0005-0005-000000000005}
		{E1000004-0004-0004-0004-000000000004} = {A1B2C3D4-0005-0005-0005-000000000005}
		{F1000001-0001-0001-0001-000000000001} = {A1B2C3D4-0006-0006-0006-000000000006}
		{80BB253A-3C3C-4E29-9EF3-15127CE3A6CC} = {A1B2C3D4-0001-0001-0001-000000000001}
		{7B863979-DB5F-4F0C-8F4F-B13754DC5FF7} = {80BB253A-3C3C-4E29-9EF3-15127CE3A6CC}
		{7F3E4A59-6762-468E-A50E-B6208F93B1C3} = {80BB253A-3C3C-4E29-9EF3-15127CE3A6CC}
	EndGlobalSection
	GlobalSection(ExtensibilityGlobals) = postSolution
		SolutionGuid = {4167AEFD-E776-41AA-87CF-5DEB8D625E72}
	EndGlobalSection
EndGlobal
